// !$*UTF8*$!
{
	archiveVersion = 1;
	classes = {
	};
	objectVersion = 48;
	objects = {

/* Begin PBXBuildFile section */
		06F48462695E6D937751C4A6 /* Pods_Bazinga_Tests.framework in Frameworks */ = {isa = PBXBuildFile; fileRef = BA616E363B04962BB67C343F /* Pods_Bazinga_Tests.framework */; };
		2703E88AA481FCC5EFED4EFB /* Pods_Bazinga_.framework in Frameworks */ = {isa = PBXBuildFile; fileRef = 4E664A26BC8564D9330C8F93 /* Pods_Bazinga_.framework */; };
		27043DAB1FA475CC00C3A6E8 /* AddAccountForm.swift in Sources */ = {isa = PBXBuildFile; fileRef = 27043DAA1FA475CC00C3A6E8 /* AddAccountForm.swift */; };
		27043DAD1FA47E8C00C3A6E8 /* AddAccountTableView.swift in Sources */ = {isa = PBXBuildFile; fileRef = 27043DAC1FA47E8C00C3A6E8 /* AddAccountTableView.swift */; };
		2705FBEA1F90BA3B003C3B42 /* Account.storyboard in Resources */ = {isa = PBXBuildFile; fileRef = 2705FBE91F90BA3B003C3B42 /* Account.storyboard */; };
		270A3A7A1F8519060072CC57 /* AppDelegate.swift in Sources */ = {isa = PBXBuildFile; fileRef = 270A3A791F8519060072CC57 /* AppDelegate.swift */; };
		270A3A7C1F8519060072CC57 /* ViewController.swift in Sources */ = {isa = PBXBuildFile; fileRef = 270A3A7B1F8519060072CC57 /* ViewController.swift */; };
		270A3A7F1F8519060072CC57 /* Main.storyboard in Resources */ = {isa = PBXBuildFile; fileRef = 270A3A7D1F8519060072CC57 /* Main.storyboard */; };
		270A3A821F8519060072CC57 /* Bazinga_.xcdatamodeld in Sources */ = {isa = PBXBuildFile; fileRef = 270A3A801F8519060072CC57 /* Bazinga_.xcdatamodeld */; };
		270A3A841F8519060072CC57 /* Assets.xcassets in Resources */ = {isa = PBXBuildFile; fileRef = 270A3A831F8519060072CC57 /* Assets.xcassets */; };
		270A3A871F8519060072CC57 /* LaunchScreen.storyboard in Resources */ = {isa = PBXBuildFile; fileRef = 270A3A851F8519060072CC57 /* LaunchScreen.storyboard */; };
		270A3A921F8519060072CC57 /* Bazinga_Tests.swift in Sources */ = {isa = PBXBuildFile; fileRef = 270A3A911F8519060072CC57 /* Bazinga_Tests.swift */; };
		270A3A9D1F8519060072CC57 /* Bazinga_UITests.swift in Sources */ = {isa = PBXBuildFile; fileRef = 270A3A9C1F8519060072CC57 /* Bazinga_UITests.swift */; };
		276456691F8F70F100BB612B /* Constant.swift in Sources */ = {isa = PBXBuildFile; fileRef = 276456681F8F70F100BB612B /* Constant.swift */; };
		2764566B1F90718F00BB612B /* Account.swift in Sources */ = {isa = PBXBuildFile; fileRef = 2764566A1F90718F00BB612B /* Account.swift */; };
		278561DC1F90B19D0010D232 /* AccountForm.swift in Sources */ = {isa = PBXBuildFile; fileRef = 278561DB1F90B19D0010D232 /* AccountForm.swift */; };
		27DE74761F97C52400B2EE20 /* OFL.txt in Resources */ = {isa = PBXBuildFile; fileRef = 27DE74631F97C36700B2EE20 /* OFL.txt */; };
		27DE74771F97C52700B2EE20 /* Poppins-Black.ttf in Resources */ = {isa = PBXBuildFile; fileRef = 27DE74641F97C36700B2EE20 /* Poppins-Black.ttf */; };
		27DE74781F97C52B00B2EE20 /* Poppins-BlackItalic.ttf in Resources */ = {isa = PBXBuildFile; fileRef = 27DE74651F97C36700B2EE20 /* Poppins-BlackItalic.ttf */; };
		27DE74791F97C52E00B2EE20 /* Poppins-Bold.ttf in Resources */ = {isa = PBXBuildFile; fileRef = 27DE74661F97C36700B2EE20 /* Poppins-Bold.ttf */; };
		27DE747A1F97C53000B2EE20 /* Poppins-BoldItalic.ttf in Resources */ = {isa = PBXBuildFile; fileRef = 27DE74671F97C36700B2EE20 /* Poppins-BoldItalic.ttf */; };
		27DE747B1F97C53300B2EE20 /* Poppins-ExtraBold.ttf in Resources */ = {isa = PBXBuildFile; fileRef = 27DE74681F97C36700B2EE20 /* Poppins-ExtraBold.ttf */; };
		27DE747C1F97C53600B2EE20 /* Poppins-ExtraBoldItalic.ttf in Resources */ = {isa = PBXBuildFile; fileRef = 27DE74691F97C36700B2EE20 /* Poppins-ExtraBoldItalic.ttf */; };
		27DE747D1F97C53900B2EE20 /* Poppins-ExtraLight.ttf in Resources */ = {isa = PBXBuildFile; fileRef = 27DE746A1F97C36700B2EE20 /* Poppins-ExtraLight.ttf */; };
		27DE747E1F97C53B00B2EE20 /* Poppins-ExtraLightItalic.ttf in Resources */ = {isa = PBXBuildFile; fileRef = 27DE746B1F97C36700B2EE20 /* Poppins-ExtraLightItalic.ttf */; };
		27DE747F1F97C53E00B2EE20 /* Poppins-Italic.ttf in Resources */ = {isa = PBXBuildFile; fileRef = 27DE746C1F97C36700B2EE20 /* Poppins-Italic.ttf */; };
		27DE74801F97C54000B2EE20 /* Poppins-Light.ttf in Resources */ = {isa = PBXBuildFile; fileRef = 27DE746D1F97C36700B2EE20 /* Poppins-Light.ttf */; };
		27DE74811F97C54300B2EE20 /* Poppins-LightItalic.ttf in Resources */ = {isa = PBXBuildFile; fileRef = 27DE746E1F97C36700B2EE20 /* Poppins-LightItalic.ttf */; };
		27DE74821F97C55100B2EE20 /* Poppins-Medium.ttf in Resources */ = {isa = PBXBuildFile; fileRef = 27DE746F1F97C36700B2EE20 /* Poppins-Medium.ttf */; };
		27DE74831F97C55A00B2EE20 /* Poppins-MediumItalic.ttf in Resources */ = {isa = PBXBuildFile; fileRef = 27DE74701F97C36700B2EE20 /* Poppins-MediumItalic.ttf */; };
		27DE74841F97C55C00B2EE20 /* Poppins-Regular.ttf in Resources */ = {isa = PBXBuildFile; fileRef = 27DE74711F97C36700B2EE20 /* Poppins-Regular.ttf */; };
		27DE74851F97C55F00B2EE20 /* Poppins-SemiBold.ttf in Resources */ = {isa = PBXBuildFile; fileRef = 27DE74721F97C36700B2EE20 /* Poppins-SemiBold.ttf */; };
		27DE74861F97C56300B2EE20 /* Poppins-SemiBoldItalic.ttf in Resources */ = {isa = PBXBuildFile; fileRef = 27DE74731F97C36700B2EE20 /* Poppins-SemiBoldItalic.ttf */; };
		27DE74871F97C56500B2EE20 /* Poppins-Thin.ttf in Resources */ = {isa = PBXBuildFile; fileRef = 27DE74741F97C36700B2EE20 /* Poppins-Thin.ttf */; };
		27DE74881F97C56700B2EE20 /* Poppins-ThinItalic.ttf in Resources */ = {isa = PBXBuildFile; fileRef = 27DE74751F97C36700B2EE20 /* Poppins-ThinItalic.ttf */; };
		27F5208D1F97B9F300D05C87 /* DashBoard.storyboard in Resources */ = {isa = PBXBuildFile; fileRef = 27F5208C1F97B9F300D05C87 /* DashBoard.storyboard */; };
		9931227E2256044AB31A94C8 /* Pods_Bazinga_UITests.framework in Frameworks */ = {isa = PBXBuildFile; fileRef = 0EF10F38AA90C24DA60C3E56 /* Pods_Bazinga_UITests.framework */; };
/* End PBXBuildFile section */

/* Begin PBXContainerItemProxy section */
		270A3A8E1F8519060072CC57 /* PBXContainerItemProxy */ = {
			isa = PBXContainerItemProxy;
			containerPortal = 270A3A6E1F8519060072CC57 /* Project object */;
			proxyType = 1;
			remoteGlobalIDString = 270A3A751F8519060072CC57;
			remoteInfo = "Bazinga!";
		};
		270A3A991F8519060072CC57 /* PBXContainerItemProxy */ = {
			isa = PBXContainerItemProxy;
			containerPortal = 270A3A6E1F8519060072CC57 /* Project object */;
			proxyType = 1;
			remoteGlobalIDString = 270A3A751F8519060072CC57;
			remoteInfo = "Bazinga!";
		};
/* End PBXContainerItemProxy section */

/* Begin PBXFileReference section */
		0EF10F38AA90C24DA60C3E56 /* Pods_Bazinga_UITests.framework */ = {isa = PBXFileReference; explicitFileType = wrapper.framework; includeInIndex = 0; path = Pods_Bazinga_UITests.framework; sourceTree = BUILT_PRODUCTS_DIR; };
		27043DAA1FA475CC00C3A6E8 /* AddAccountForm.swift */ = {isa = PBXFileReference; lastKnownFileType = sourcecode.swift; path = AddAccountForm.swift; sourceTree = "<group>"; };
		27043DAC1FA47E8C00C3A6E8 /* AddAccountTableView.swift */ = {isa = PBXFileReference; lastKnownFileType = sourcecode.swift; path = AddAccountTableView.swift; sourceTree = "<group>"; };
		2705FBE91F90BA3B003C3B42 /* Account.storyboard */ = {isa = PBXFileReference; fileEncoding = 4; lastKnownFileType = file.storyboard; path = Account.storyboard; sourceTree = "<group>"; };
		270A3A761F8519060072CC57 /* Bazinga!.app */ = {isa = PBXFileReference; explicitFileType = wrapper.application; includeInIndex = 0; path = "Bazinga!.app"; sourceTree = BUILT_PRODUCTS_DIR; };
		270A3A791F8519060072CC57 /* AppDelegate.swift */ = {isa = PBXFileReference; lastKnownFileType = sourcecode.swift; path = AppDelegate.swift; sourceTree = "<group>"; };
		270A3A7B1F8519060072CC57 /* ViewController.swift */ = {isa = PBXFileReference; lastKnownFileType = sourcecode.swift; path = ViewController.swift; sourceTree = "<group>"; };
		270A3A7E1F8519060072CC57 /* Base */ = {isa = PBXFileReference; lastKnownFileType = file.storyboard; name = Base; path = Base.lproj/Main.storyboard; sourceTree = "<group>"; };
		270A3A811F8519060072CC57 /* Bazinga_.xcdatamodel */ = {isa = PBXFileReference; lastKnownFileType = wrapper.xcdatamodel; path = Bazinga_.xcdatamodel; sourceTree = "<group>"; };
		270A3A831F8519060072CC57 /* Assets.xcassets */ = {isa = PBXFileReference; lastKnownFileType = folder.assetcatalog; path = Assets.xcassets; sourceTree = "<group>"; };
		270A3A861F8519060072CC57 /* Base */ = {isa = PBXFileReference; lastKnownFileType = file.storyboard; name = Base; path = Base.lproj/LaunchScreen.storyboard; sourceTree = "<group>"; };
		270A3A881F8519060072CC57 /* Info.plist */ = {isa = PBXFileReference; lastKnownFileType = text.plist.xml; path = Info.plist; sourceTree = "<group>"; };
		270A3A8D1F8519060072CC57 /* Bazinga!Tests.xctest */ = {isa = PBXFileReference; explicitFileType = wrapper.cfbundle; includeInIndex = 0; path = "Bazinga!Tests.xctest"; sourceTree = BUILT_PRODUCTS_DIR; };
		270A3A911F8519060072CC57 /* Bazinga_Tests.swift */ = {isa = PBXFileReference; lastKnownFileType = sourcecode.swift; path = Bazinga_Tests.swift; sourceTree = "<group>"; };
		270A3A931F8519060072CC57 /* Info.plist */ = {isa = PBXFileReference; lastKnownFileType = text.plist.xml; path = Info.plist; sourceTree = "<group>"; };
		270A3A981F8519060072CC57 /* Bazinga!UITests.xctest */ = {isa = PBXFileReference; explicitFileType = wrapper.cfbundle; includeInIndex = 0; path = "Bazinga!UITests.xctest"; sourceTree = BUILT_PRODUCTS_DIR; };
		270A3A9C1F8519060072CC57 /* Bazinga_UITests.swift */ = {isa = PBXFileReference; lastKnownFileType = sourcecode.swift; path = Bazinga_UITests.swift; sourceTree = "<group>"; };
		270A3A9E1F8519060072CC57 /* Info.plist */ = {isa = PBXFileReference; lastKnownFileType = text.plist.xml; path = Info.plist; sourceTree = "<group>"; };
		276456681F8F70F100BB612B /* Constant.swift */ = {isa = PBXFileReference; lastKnownFileType = sourcecode.swift; path = Constant.swift; sourceTree = "<group>"; };
		2764566A1F90718F00BB612B /* Account.swift */ = {isa = PBXFileReference; lastKnownFileType = sourcecode.swift; path = Account.swift; sourceTree = "<group>"; };
		278561DB1F90B19D0010D232 /* AccountForm.swift */ = {isa = PBXFileReference; lastKnownFileType = sourcecode.swift; path = AccountForm.swift; sourceTree = "<group>"; };
		27DE74631F97C36700B2EE20 /* OFL.txt */ = {isa = PBXFileReference; lastKnownFileType = text; path = OFL.txt; sourceTree = "<group>"; };
		27DE74641F97C36700B2EE20 /* Poppins-Black.ttf */ = {isa = PBXFileReference; lastKnownFileType = file; path = "Poppins-Black.ttf"; sourceTree = "<group>"; };
		27DE74651F97C36700B2EE20 /* Poppins-BlackItalic.ttf */ = {isa = PBXFileReference; lastKnownFileType = file; path = "Poppins-BlackItalic.ttf"; sourceTree = "<group>"; };
		27DE74661F97C36700B2EE20 /* Poppins-Bold.ttf */ = {isa = PBXFileReference; lastKnownFileType = file; path = "Poppins-Bold.ttf"; sourceTree = "<group>"; };
		27DE74671F97C36700B2EE20 /* Poppins-BoldItalic.ttf */ = {isa = PBXFileReference; lastKnownFileType = file; path = "Poppins-BoldItalic.ttf"; sourceTree = "<group>"; };
		27DE74681F97C36700B2EE20 /* Poppins-ExtraBold.ttf */ = {isa = PBXFileReference; lastKnownFileType = file; path = "Poppins-ExtraBold.ttf"; sourceTree = "<group>"; };
		27DE74691F97C36700B2EE20 /* Poppins-ExtraBoldItalic.ttf */ = {isa = PBXFileReference; lastKnownFileType = file; path = "Poppins-ExtraBoldItalic.ttf"; sourceTree = "<group>"; };
		27DE746A1F97C36700B2EE20 /* Poppins-ExtraLight.ttf */ = {isa = PBXFileReference; lastKnownFileType = file; path = "Poppins-ExtraLight.ttf"; sourceTree = "<group>"; };
		27DE746B1F97C36700B2EE20 /* Poppins-ExtraLightItalic.ttf */ = {isa = PBXFileReference; lastKnownFileType = file; path = "Poppins-ExtraLightItalic.ttf"; sourceTree = "<group>"; };
		27DE746C1F97C36700B2EE20 /* Poppins-Italic.ttf */ = {isa = PBXFileReference; lastKnownFileType = file; path = "Poppins-Italic.ttf"; sourceTree = "<group>"; };
		27DE746D1F97C36700B2EE20 /* Poppins-Light.ttf */ = {isa = PBXFileReference; lastKnownFileType = file; path = "Poppins-Light.ttf"; sourceTree = "<group>"; };
		27DE746E1F97C36700B2EE20 /* Poppins-LightItalic.ttf */ = {isa = PBXFileReference; lastKnownFileType = file; path = "Poppins-LightItalic.ttf"; sourceTree = "<group>"; };
		27DE746F1F97C36700B2EE20 /* Poppins-Medium.ttf */ = {isa = PBXFileReference; lastKnownFileType = file; path = "Poppins-Medium.ttf"; sourceTree = "<group>"; };
		27DE74701F97C36700B2EE20 /* Poppins-MediumItalic.ttf */ = {isa = PBXFileReference; lastKnownFileType = file; path = "Poppins-MediumItalic.ttf"; sourceTree = "<group>"; };
		27DE74711F97C36700B2EE20 /* Poppins-Regular.ttf */ = {isa = PBXFileReference; lastKnownFileType = file; path = "Poppins-Regular.ttf"; sourceTree = "<group>"; };
		27DE74721F97C36700B2EE20 /* Poppins-SemiBold.ttf */ = {isa = PBXFileReference; lastKnownFileType = file; path = "Poppins-SemiBold.ttf"; sourceTree = "<group>"; };
		27DE74731F97C36700B2EE20 /* Poppins-SemiBoldItalic.ttf */ = {isa = PBXFileReference; lastKnownFileType = file; path = "Poppins-SemiBoldItalic.ttf"; sourceTree = "<group>"; };
		27DE74741F97C36700B2EE20 /* Poppins-Thin.ttf */ = {isa = PBXFileReference; lastKnownFileType = file; path = "Poppins-Thin.ttf"; sourceTree = "<group>"; };
		27DE74751F97C36700B2EE20 /* Poppins-ThinItalic.ttf */ = {isa = PBXFileReference; lastKnownFileType = file; path = "Poppins-ThinItalic.ttf"; sourceTree = "<group>"; };
		27F5208C1F97B9F300D05C87 /* DashBoard.storyboard */ = {isa = PBXFileReference; fileEncoding = 4; lastKnownFileType = file.storyboard; path = DashBoard.storyboard; sourceTree = "<group>"; };
		3A7CF96CD565F4095E76A6A6 /* Pods-Bazinga!UITests.release.xcconfig */ = {isa = PBXFileReference; includeInIndex = 1; lastKnownFileType = text.xcconfig; name = "Pods-Bazinga!UITests.release.xcconfig"; path = "Pods/Target Support Files/Pods-Bazinga!UITests/Pods-Bazinga!UITests.release.xcconfig"; sourceTree = "<group>"; };
		4E664A26BC8564D9330C8F93 /* Pods_Bazinga_.framework */ = {isa = PBXFileReference; explicitFileType = wrapper.framework; includeInIndex = 0; path = Pods_Bazinga_.framework; sourceTree = BUILT_PRODUCTS_DIR; };
		792038C311A634513F5446E0 /* Pods-Bazinga!Tests.release.xcconfig */ = {isa = PBXFileReference; includeInIndex = 1; lastKnownFileType = text.xcconfig; name = "Pods-Bazinga!Tests.release.xcconfig"; path = "Pods/Target Support Files/Pods-Bazinga!Tests/Pods-Bazinga!Tests.release.xcconfig"; sourceTree = "<group>"; };
		946F54DE59BE8BFDEE2F69F6 /* Pods-Bazinga!Tests.debug.xcconfig */ = {isa = PBXFileReference; includeInIndex = 1; lastKnownFileType = text.xcconfig; name = "Pods-Bazinga!Tests.debug.xcconfig"; path = "Pods/Target Support Files/Pods-Bazinga!Tests/Pods-Bazinga!Tests.debug.xcconfig"; sourceTree = "<group>"; };
		BA616E363B04962BB67C343F /* Pods_Bazinga_Tests.framework */ = {isa = PBXFileReference; explicitFileType = wrapper.framework; includeInIndex = 0; path = Pods_Bazinga_Tests.framework; sourceTree = BUILT_PRODUCTS_DIR; };
		D40A1F5DD74D2DCB579D0CDC /* Pods-Bazinga!.release.xcconfig */ = {isa = PBXFileReference; includeInIndex = 1; lastKnownFileType = text.xcconfig; name = "Pods-Bazinga!.release.xcconfig"; path = "Pods/Target Support Files/Pods-Bazinga!/Pods-Bazinga!.release.xcconfig"; sourceTree = "<group>"; };
		E7CB4AD57FFA5E41C7C5DA89 /* Pods-Bazinga!.debug.xcconfig */ = {isa = PBXFileReference; includeInIndex = 1; lastKnownFileType = text.xcconfig; name = "Pods-Bazinga!.debug.xcconfig"; path = "Pods/Target Support Files/Pods-Bazinga!/Pods-Bazinga!.debug.xcconfig"; sourceTree = "<group>"; };
		F582B94917E6D8972E4C2DBB /* Pods-Bazinga!UITests.debug.xcconfig */ = {isa = PBXFileReference; includeInIndex = 1; lastKnownFileType = text.xcconfig; name = "Pods-Bazinga!UITests.debug.xcconfig"; path = "Pods/Target Support Files/Pods-Bazinga!UITests/Pods-Bazinga!UITests.debug.xcconfig"; sourceTree = "<group>"; };
/* End PBXFileReference section */

/* Begin PBXFrameworksBuildPhase section */
		270A3A731F8519060072CC57 /* Frameworks */ = {
			isa = PBXFrameworksBuildPhase;
			buildActionMask = 2147483647;
			files = (
				2703E88AA481FCC5EFED4EFB /* Pods_Bazinga_.framework in Frameworks */,
			);
			runOnlyForDeploymentPostprocessing = 0;
		};
		270A3A8A1F8519060072CC57 /* Frameworks */ = {
			isa = PBXFrameworksBuildPhase;
			buildActionMask = 2147483647;
			files = (
				06F48462695E6D937751C4A6 /* Pods_Bazinga_Tests.framework in Frameworks */,
			);
			runOnlyForDeploymentPostprocessing = 0;
		};
		270A3A951F8519060072CC57 /* Frameworks */ = {
			isa = PBXFrameworksBuildPhase;
			buildActionMask = 2147483647;
			files = (
				9931227E2256044AB31A94C8 /* Pods_Bazinga_UITests.framework in Frameworks */,
			);
			runOnlyForDeploymentPostprocessing = 0;
		};
/* End PBXFrameworksBuildPhase section */

/* Begin PBXGroup section */
		270A3A6D1F8519060072CC57 = {
			isa = PBXGroup;
			children = (
				270A3A781F8519060072CC57 /* Bazinga! */,
				270A3A901F8519060072CC57 /* Bazinga!Tests */,
				270A3A9B1F8519060072CC57 /* Bazinga!UITests */,
				270A3A771F8519060072CC57 /* Products */,
				DC6A6B6067586E61CBBE1CBC /* Pods */,
				3F76E1C2D393DA8F70CFA64C /* Frameworks */,
			);
			sourceTree = "<group>";
		};
		270A3A771F8519060072CC57 /* Products */ = {
			isa = PBXGroup;
			children = (
				270A3A761F8519060072CC57 /* Bazinga!.app */,
				270A3A8D1F8519060072CC57 /* Bazinga!Tests.xctest */,
				270A3A981F8519060072CC57 /* Bazinga!UITests.xctest */,
			);
			name = Products;
			sourceTree = "<group>";
		};
		270A3A781F8519060072CC57 /* Bazinga! */ = {
			isa = PBXGroup;
			children = (
				270A3A791F8519060072CC57 /* AppDelegate.swift */,
				270A3A7B1F8519060072CC57 /* ViewController.swift */,
				276456681F8F70F100BB612B /* Constant.swift */,
				27DE74601F97C33A00B2EE20 /* Custom */,
				278561DA1F90AB130010D232 /* Model */,
				278561D91F90AB050010D232 /* Controllers */,
				278561DD1F90B2D30010D232 /* Storyboard */,
				270A3A831F8519060072CC57 /* Assets.xcassets */,
				270A3A881F8519060072CC57 /* Info.plist */,
				270A3A801F8519060072CC57 /* Bazinga_.xcdatamodeld */,
			);
			path = "Bazinga!";
			sourceTree = "<group>";
		};
		270A3A901F8519060072CC57 /* Bazinga!Tests */ = {
			isa = PBXGroup;
			children = (
				270A3A911F8519060072CC57 /* Bazinga_Tests.swift */,
				270A3A931F8519060072CC57 /* Info.plist */,
			);
			path = "Bazinga!Tests";
			sourceTree = "<group>";
		};
		270A3A9B1F8519060072CC57 /* Bazinga!UITests */ = {
			isa = PBXGroup;
			children = (
				270A3A9C1F8519060072CC57 /* Bazinga_UITests.swift */,
				270A3A9E1F8519060072CC57 /* Info.plist */,
			);
			path = "Bazinga!UITests";
			sourceTree = "<group>";
		};
		278561D81F90AAEC0010D232 /* Account */ = {
			isa = PBXGroup;
			children = (
				278561DB1F90B19D0010D232 /* AccountForm.swift */,
				27043DAA1FA475CC00C3A6E8 /* AddAccountForm.swift */,
				27043DAC1FA47E8C00C3A6E8 /* AddAccountTableView.swift */,
			);
			path = Account;
			sourceTree = "<group>";
		};
		278561D91F90AB050010D232 /* Controllers */ = {
			isa = PBXGroup;
			children = (
				278561D81F90AAEC0010D232 /* Account */,
			);
			path = Controllers;
			sourceTree = "<group>";
		};
		278561DA1F90AB130010D232 /* Model */ = {
			isa = PBXGroup;
			children = (
				2764566A1F90718F00BB612B /* Account.swift */,
			);
			path = Model;
			sourceTree = "<group>";
		};
		278561DD1F90B2D30010D232 /* Storyboard */ = {
			isa = PBXGroup;
			children = (
				2705FBE91F90BA3B003C3B42 /* Account.storyboard */,
				27F5208C1F97B9F300D05C87 /* DashBoard.storyboard */,
				270A3A7D1F8519060072CC57 /* Main.storyboard */,
				270A3A851F8519060072CC57 /* LaunchScreen.storyboard */,
			);
			path = Storyboard;
			sourceTree = "<group>";
		};
		27DE74601F97C33A00B2EE20 /* Custom */ = {
			isa = PBXGroup;
			children = (
				27DE74611F97C34D00B2EE20 /* Font */,
			);
			path = Custom;
			sourceTree = "<group>";
		};
		27DE74611F97C34D00B2EE20 /* Font */ = {
			isa = PBXGroup;
			children = (
				27DE74621F97C36700B2EE20 /* Poppins */,
			);
			path = Font;
			sourceTree = "<group>";
		};
		27DE74621F97C36700B2EE20 /* Poppins */ = {
			isa = PBXGroup;
			children = (
				27DE74631F97C36700B2EE20 /* OFL.txt */,
				27DE74641F97C36700B2EE20 /* Poppins-Black.ttf */,
				27DE74651F97C36700B2EE20 /* Poppins-BlackItalic.ttf */,
				27DE74661F97C36700B2EE20 /* Poppins-Bold.ttf */,
				27DE74671F97C36700B2EE20 /* Poppins-BoldItalic.ttf */,
				27DE74681F97C36700B2EE20 /* Poppins-ExtraBold.ttf */,
				27DE74691F97C36700B2EE20 /* Poppins-ExtraBoldItalic.ttf */,
				27DE746A1F97C36700B2EE20 /* Poppins-ExtraLight.ttf */,
				27DE746B1F97C36700B2EE20 /* Poppins-ExtraLightItalic.ttf */,
				27DE746C1F97C36700B2EE20 /* Poppins-Italic.ttf */,
				27DE746D1F97C36700B2EE20 /* Poppins-Light.ttf */,
				27DE746E1F97C36700B2EE20 /* Poppins-LightItalic.ttf */,
				27DE746F1F97C36700B2EE20 /* Poppins-Medium.ttf */,
				27DE74701F97C36700B2EE20 /* Poppins-MediumItalic.ttf */,
				27DE74711F97C36700B2EE20 /* Poppins-Regular.ttf */,
				27DE74721F97C36700B2EE20 /* Poppins-SemiBold.ttf */,
				27DE74731F97C36700B2EE20 /* Poppins-SemiBoldItalic.ttf */,
				27DE74741F97C36700B2EE20 /* Poppins-Thin.ttf */,
				27DE74751F97C36700B2EE20 /* Poppins-ThinItalic.ttf */,
			);
			path = Poppins;
			sourceTree = "<group>";
		};
		3F76E1C2D393DA8F70CFA64C /* Frameworks */ = {
			isa = PBXGroup;
			children = (
				4E664A26BC8564D9330C8F93 /* Pods_Bazinga_.framework */,
				BA616E363B04962BB67C343F /* Pods_Bazinga_Tests.framework */,
				0EF10F38AA90C24DA60C3E56 /* Pods_Bazinga_UITests.framework */,
			);
			name = Frameworks;
			sourceTree = "<group>";
		};
		DC6A6B6067586E61CBBE1CBC /* Pods */ = {
			isa = PBXGroup;
			children = (
				E7CB4AD57FFA5E41C7C5DA89 /* Pods-Bazinga!.debug.xcconfig */,
				D40A1F5DD74D2DCB579D0CDC /* Pods-Bazinga!.release.xcconfig */,
				946F54DE59BE8BFDEE2F69F6 /* Pods-Bazinga!Tests.debug.xcconfig */,
				792038C311A634513F5446E0 /* Pods-Bazinga!Tests.release.xcconfig */,
				F582B94917E6D8972E4C2DBB /* Pods-Bazinga!UITests.debug.xcconfig */,
				3A7CF96CD565F4095E76A6A6 /* Pods-Bazinga!UITests.release.xcconfig */,
			);
			name = Pods;
			sourceTree = "<group>";
		};
/* End PBXGroup section */

/* Begin PBXNativeTarget section */
		270A3A751F8519060072CC57 /* Bazinga! */ = {
			isa = PBXNativeTarget;
			buildConfigurationList = 270A3AA11F8519060072CC57 /* Build configuration list for PBXNativeTarget "Bazinga!" */;
			buildPhases = (
				F27D02906F8EEB672B6B62C5 /* [CP] Check Pods Manifest.lock */,
				270A3A721F8519060072CC57 /* Sources */,
				270A3A731F8519060072CC57 /* Frameworks */,
				270A3A741F8519060072CC57 /* Resources */,
				1B57B97CEE7ACED36FF0E1DF /* [CP] Embed Pods Frameworks */,
				0168E59A8FFBA6E530C0E2EC /* [CP] Copy Pods Resources */,
			);
			buildRules = (
			);
			dependencies = (
			);
			name = "Bazinga!";
			productName = "Bazinga!";
			productReference = 270A3A761F8519060072CC57 /* Bazinga!.app */;
			productType = "com.apple.product-type.application";
		};
		270A3A8C1F8519060072CC57 /* Bazinga!Tests */ = {
			isa = PBXNativeTarget;
			buildConfigurationList = 270A3AA41F8519060072CC57 /* Build configuration list for PBXNativeTarget "Bazinga!Tests" */;
			buildPhases = (
				AE9278BFD2A031595E7A4DBB /* [CP] Check Pods Manifest.lock */,
				270A3A891F8519060072CC57 /* Sources */,
				270A3A8A1F8519060072CC57 /* Frameworks */,
				270A3A8B1F8519060072CC57 /* Resources */,
				46EBC5C978CB4A932C239B50 /* [CP] Embed Pods Frameworks */,
				572806A36217C4396E8BB615 /* [CP] Copy Pods Resources */,
			);
			buildRules = (
			);
			dependencies = (
				270A3A8F1F8519060072CC57 /* PBXTargetDependency */,
			);
			name = "Bazinga!Tests";
			productName = "Bazinga!Tests";
			productReference = 270A3A8D1F8519060072CC57 /* Bazinga!Tests.xctest */;
			productType = "com.apple.product-type.bundle.unit-test";
		};
		270A3A971F8519060072CC57 /* Bazinga!UITests */ = {
			isa = PBXNativeTarget;
			buildConfigurationList = 270A3AA71F8519060072CC57 /* Build configuration list for PBXNativeTarget "Bazinga!UITests" */;
			buildPhases = (
				0740C9BE4C97570193B217EC /* [CP] Check Pods Manifest.lock */,
				270A3A941F8519060072CC57 /* Sources */,
				270A3A951F8519060072CC57 /* Frameworks */,
				270A3A961F8519060072CC57 /* Resources */,
				72BC6EBDE5CAA494960CE80D /* [CP] Embed Pods Frameworks */,
				D4D664CA782EFF61967C6101 /* [CP] Copy Pods Resources */,
			);
			buildRules = (
			);
			dependencies = (
				270A3A9A1F8519060072CC57 /* PBXTargetDependency */,
			);
			name = "Bazinga!UITests";
			productName = "Bazinga!UITests";
			productReference = 270A3A981F8519060072CC57 /* Bazinga!UITests.xctest */;
			productType = "com.apple.product-type.bundle.ui-testing";
		};
/* End PBXNativeTarget section */

/* Begin PBXProject section */
		270A3A6E1F8519060072CC57 /* Project object */ = {
			isa = PBXProject;
			attributes = {
				LastSwiftUpdateCheck = 0900;
				LastUpgradeCheck = 0900;
				ORGANIZATIONNAME = "augustius cokroe";
				TargetAttributes = {
					270A3A751F8519060072CC57 = {
						CreatedOnToolsVersion = 9.0;
						ProvisioningStyle = Automatic;
					};
					270A3A8C1F8519060072CC57 = {
						CreatedOnToolsVersion = 9.0;
						ProvisioningStyle = Automatic;
						TestTargetID = 270A3A751F8519060072CC57;
					};
					270A3A971F8519060072CC57 = {
						CreatedOnToolsVersion = 9.0;
						ProvisioningStyle = Automatic;
						TestTargetID = 270A3A751F8519060072CC57;
					};
				};
			};
			buildConfigurationList = 270A3A711F8519060072CC57 /* Build configuration list for PBXProject "Bazinga!" */;
			compatibilityVersion = "Xcode 8.0";
			developmentRegion = en;
			hasScannedForEncodings = 0;
			knownRegions = (
				en,
				Base,
			);
			mainGroup = 270A3A6D1F8519060072CC57;
			productRefGroup = 270A3A771F8519060072CC57 /* Products */;
			projectDirPath = "";
			projectRoot = "";
			targets = (
				270A3A751F8519060072CC57 /* Bazinga! */,
				270A3A8C1F8519060072CC57 /* Bazinga!Tests */,
				270A3A971F8519060072CC57 /* Bazinga!UITests */,
			);
		};
/* End PBXProject section */

/* Begin PBXResourcesBuildPhase section */
		270A3A741F8519060072CC57 /* Resources */ = {
			isa = PBXResourcesBuildPhase;
			buildActionMask = 2147483647;
			files = (
				27DE74811F97C54300B2EE20 /* Poppins-LightItalic.ttf in Resources */,
				27DE747C1F97C53600B2EE20 /* Poppins-ExtraBoldItalic.ttf in Resources */,
				27DE74761F97C52400B2EE20 /* OFL.txt in Resources */,
				27DE74791F97C52E00B2EE20 /* Poppins-Bold.ttf in Resources */,
				27DE74831F97C55A00B2EE20 /* Poppins-MediumItalic.ttf in Resources */,
				27DE747F1F97C53E00B2EE20 /* Poppins-Italic.ttf in Resources */,
				27F5208D1F97B9F300D05C87 /* DashBoard.storyboard in Resources */,
				270A3A871F8519060072CC57 /* LaunchScreen.storyboard in Resources */,
				27DE74771F97C52700B2EE20 /* Poppins-Black.ttf in Resources */,
				27DE74881F97C56700B2EE20 /* Poppins-ThinItalic.ttf in Resources */,
				27DE74781F97C52B00B2EE20 /* Poppins-BlackItalic.ttf in Resources */,
				270A3A841F8519060072CC57 /* Assets.xcassets in Resources */,
				27DE74861F97C56300B2EE20 /* Poppins-SemiBoldItalic.ttf in Resources */,
				27DE747E1F97C53B00B2EE20 /* Poppins-ExtraLightItalic.ttf in Resources */,
				27DE747B1F97C53300B2EE20 /* Poppins-ExtraBold.ttf in Resources */,
				27DE74801F97C54000B2EE20 /* Poppins-Light.ttf in Resources */,
				2705FBEA1F90BA3B003C3B42 /* Account.storyboard in Resources */,
				27DE74851F97C55F00B2EE20 /* Poppins-SemiBold.ttf in Resources */,
				270A3A7F1F8519060072CC57 /* Main.storyboard in Resources */,
				27DE74821F97C55100B2EE20 /* Poppins-Medium.ttf in Resources */,
				27DE74871F97C56500B2EE20 /* Poppins-Thin.ttf in Resources */,
				27DE747A1F97C53000B2EE20 /* Poppins-BoldItalic.ttf in Resources */,
				27DE747D1F97C53900B2EE20 /* Poppins-ExtraLight.ttf in Resources */,
				27DE74841F97C55C00B2EE20 /* Poppins-Regular.ttf in Resources */,
			);
			runOnlyForDeploymentPostprocessing = 0;
		};
		270A3A8B1F8519060072CC57 /* Resources */ = {
			isa = PBXResourcesBuildPhase;
			buildActionMask = 2147483647;
			files = (
			);
			runOnlyForDeploymentPostprocessing = 0;
		};
		270A3A961F8519060072CC57 /* Resources */ = {
			isa = PBXResourcesBuildPhase;
			buildActionMask = 2147483647;
			files = (
			);
			runOnlyForDeploymentPostprocessing = 0;
		};
/* End PBXResourcesBuildPhase section */

/* Begin PBXShellScriptBuildPhase section */
		0168E59A8FFBA6E530C0E2EC /* [CP] Copy Pods Resources */ = {
			isa = PBXShellScriptBuildPhase;
			buildActionMask = 2147483647;
			files = (
			);
			inputPaths = (
			);
			name = "[CP] Copy Pods Resources";
			outputPaths = (
			);
			runOnlyForDeploymentPostprocessing = 0;
			shellPath = /bin/sh;
			shellScript = "\"${SRCROOT}/Pods/Target Support Files/Pods-Bazinga!/Pods-Bazinga!-resources.sh\"\n";
			showEnvVarsInLog = 0;
		};
		0740C9BE4C97570193B217EC /* [CP] Check Pods Manifest.lock */ = {
			isa = PBXShellScriptBuildPhase;
			buildActionMask = 2147483647;
			files = (
			);
			inputPaths = (
				"${PODS_PODFILE_DIR_PATH}/Podfile.lock",
				"${PODS_ROOT}/Manifest.lock",
			);
			name = "[CP] Check Pods Manifest.lock";
			outputPaths = (
				"$(DERIVED_FILE_DIR)/Pods-Bazinga!UITests-checkManifestLockResult.txt",
			);
			runOnlyForDeploymentPostprocessing = 0;
			shellPath = /bin/sh;
			shellScript = "diff \"${PODS_PODFILE_DIR_PATH}/Podfile.lock\" \"${PODS_ROOT}/Manifest.lock\" > /dev/null\nif [ $? != 0 ] ; then\n    # print error to STDERR\n    echo \"error: The sandbox is not in sync with the Podfile.lock. Run 'pod install' or update your CocoaPods installation.\" >&2\n    exit 1\nfi\n# This output is used by Xcode 'outputs' to avoid re-running this script phase.\necho \"SUCCESS\" > \"${SCRIPT_OUTPUT_FILE_0}\"\n";
			showEnvVarsInLog = 0;
		};
		1B57B97CEE7ACED36FF0E1DF /* [CP] Embed Pods Frameworks */ = {
			isa = PBXShellScriptBuildPhase;
			buildActionMask = 2147483647;
			files = (
			);
			inputPaths = (
				"${SRCROOT}/Pods/Target Support Files/Pods-Bazinga!/Pods-Bazinga!-frameworks.sh",
				"${BUILT_PRODUCTS_DIR}/Spring/Spring.framework",
			);
			name = "[CP] Embed Pods Frameworks";
			outputPaths = (
				"${TARGET_BUILD_DIR}/${FRAMEWORKS_FOLDER_PATH}/Spring.framework",
			);
			runOnlyForDeploymentPostprocessing = 0;
			shellPath = /bin/sh;
			shellScript = "\"${SRCROOT}/Pods/Target Support Files/Pods-Bazinga!/Pods-Bazinga!-frameworks.sh\"\n";
			showEnvVarsInLog = 0;
		};
		46EBC5C978CB4A932C239B50 /* [CP] Embed Pods Frameworks */ = {
			isa = PBXShellScriptBuildPhase;
			buildActionMask = 2147483647;
			files = (
			);
			inputPaths = (
			);
			name = "[CP] Embed Pods Frameworks";
			outputPaths = (
			);
			runOnlyForDeploymentPostprocessing = 0;
			shellPath = /bin/sh;
			shellScript = "\"${SRCROOT}/Pods/Target Support Files/Pods-Bazinga!Tests/Pods-Bazinga!Tests-frameworks.sh\"\n";
			showEnvVarsInLog = 0;
		};
		572806A36217C4396E8BB615 /* [CP] Copy Pods Resources */ = {
			isa = PBXShellScriptBuildPhase;
			buildActionMask = 2147483647;
			files = (
			);
			inputPaths = (
			);
			name = "[CP] Copy Pods Resources";
			outputPaths = (
			);
			runOnlyForDeploymentPostprocessing = 0;
			shellPath = /bin/sh;
			shellScript = "\"${SRCROOT}/Pods/Target Support Files/Pods-Bazinga!Tests/Pods-Bazinga!Tests-resources.sh\"\n";
			showEnvVarsInLog = 0;
		};
		72BC6EBDE5CAA494960CE80D /* [CP] Embed Pods Frameworks */ = {
			isa = PBXShellScriptBuildPhase;
			buildActionMask = 2147483647;
			files = (
			);
			inputPaths = (
			);
			name = "[CP] Embed Pods Frameworks";
			outputPaths = (
			);
			runOnlyForDeploymentPostprocessing = 0;
			shellPath = /bin/sh;
			shellScript = "\"${SRCROOT}/Pods/Target Support Files/Pods-Bazinga!UITests/Pods-Bazinga!UITests-frameworks.sh\"\n";
			showEnvVarsInLog = 0;
		};
		AE9278BFD2A031595E7A4DBB /* [CP] Check Pods Manifest.lock */ = {
			isa = PBXShellScriptBuildPhase;
			buildActionMask = 2147483647;
			files = (
			);
			inputPaths = (
				"${PODS_PODFILE_DIR_PATH}/Podfile.lock",
				"${PODS_ROOT}/Manifest.lock",
			);
			name = "[CP] Check Pods Manifest.lock";
			outputPaths = (
				"$(DERIVED_FILE_DIR)/Pods-Bazinga!Tests-checkManifestLockResult.txt",
			);
			runOnlyForDeploymentPostprocessing = 0;
			shellPath = /bin/sh;
			shellScript = "diff \"${PODS_PODFILE_DIR_PATH}/Podfile.lock\" \"${PODS_ROOT}/Manifest.lock\" > /dev/null\nif [ $? != 0 ] ; then\n    # print error to STDERR\n    echo \"error: The sandbox is not in sync with the Podfile.lock. Run 'pod install' or update your CocoaPods installation.\" >&2\n    exit 1\nfi\n# This output is used by Xcode 'outputs' to avoid re-running this script phase.\necho \"SUCCESS\" > \"${SCRIPT_OUTPUT_FILE_0}\"\n";
			showEnvVarsInLog = 0;
		};
		D4D664CA782EFF61967C6101 /* [CP] Copy Pods Resources */ = {
			isa = PBXShellScriptBuildPhase;
			buildActionMask = 2147483647;
			files = (
			);
			inputPaths = (
			);
			name = "[CP] Copy Pods Resources";
			outputPaths = (
			);
			runOnlyForDeploymentPostprocessing = 0;
			shellPath = /bin/sh;
			shellScript = "\"${SRCROOT}/Pods/Target Support Files/Pods-Bazinga!UITests/Pods-Bazinga!UITests-resources.sh\"\n";
			showEnvVarsInLog = 0;
		};
		F27D02906F8EEB672B6B62C5 /* [CP] Check Pods Manifest.lock */ = {
			isa = PBXShellScriptBuildPhase;
			buildActionMask = 2147483647;
			files = (
			);
			inputPaths = (
				"${PODS_PODFILE_DIR_PATH}/Podfile.lock",
				"${PODS_ROOT}/Manifest.lock",
			);
			name = "[CP] Check Pods Manifest.lock";
			outputPaths = (
				"$(DERIVED_FILE_DIR)/Pods-Bazinga!-checkManifestLockResult.txt",
			);
			runOnlyForDeploymentPostprocessing = 0;
			shellPath = /bin/sh;
			shellScript = "diff \"${PODS_PODFILE_DIR_PATH}/Podfile.lock\" \"${PODS_ROOT}/Manifest.lock\" > /dev/null\nif [ $? != 0 ] ; then\n    # print error to STDERR\n    echo \"error: The sandbox is not in sync with the Podfile.lock. Run 'pod install' or update your CocoaPods installation.\" >&2\n    exit 1\nfi\n# This output is used by Xcode 'outputs' to avoid re-running this script phase.\necho \"SUCCESS\" > \"${SCRIPT_OUTPUT_FILE_0}\"\n";
			showEnvVarsInLog = 0;
		};
/* End PBXShellScriptBuildPhase section */

/* Begin PBXSourcesBuildPhase section */
		270A3A721F8519060072CC57 /* Sources */ = {
			isa = PBXSourcesBuildPhase;
			buildActionMask = 2147483647;
			files = (
				2764566B1F90718F00BB612B /* Account.swift in Sources */,
				27043DAB1FA475CC00C3A6E8 /* AddAccountForm.swift in Sources */,
				270A3A7C1F8519060072CC57 /* ViewController.swift in Sources */,
				276456691F8F70F100BB612B /* Constant.swift in Sources */,
				270A3A7A1F8519060072CC57 /* AppDelegate.swift in Sources */,
				27043DAD1FA47E8C00C3A6E8 /* AddAccountTableView.swift in Sources */,
				270A3A821F8519060072CC57 /* Bazinga_.xcdatamodeld in Sources */,
				278561DC1F90B19D0010D232 /* AccountForm.swift in Sources */,
			);
			runOnlyForDeploymentPostprocessing = 0;
		};
		270A3A891F8519060072CC57 /* Sources */ = {
			isa = PBXSourcesBuildPhase;
			buildActionMask = 2147483647;
			files = (
				270A3A921F8519060072CC57 /* Bazinga_Tests.swift in Sources */,
			);
			runOnlyForDeploymentPostprocessing = 0;
		};
		270A3A941F8519060072CC57 /* Sources */ = {
			isa = PBXSourcesBuildPhase;
			buildActionMask = 2147483647;
			files = (
				270A3A9D1F8519060072CC57 /* Bazinga_UITests.swift in Sources */,
			);
			runOnlyForDeploymentPostprocessing = 0;
		};
/* End PBXSourcesBuildPhase section */

/* Begin PBXTargetDependency section */
		270A3A8F1F8519060072CC57 /* PBXTargetDependency */ = {
			isa = PBXTargetDependency;
			target = 270A3A751F8519060072CC57 /* Bazinga! */;
			targetProxy = 270A3A8E1F8519060072CC57 /* PBXContainerItemProxy */;
		};
		270A3A9A1F8519060072CC57 /* PBXTargetDependency */ = {
			isa = PBXTargetDependency;
			target = 270A3A751F8519060072CC57 /* Bazinga! */;
			targetProxy = 270A3A991F8519060072CC57 /* PBXContainerItemProxy */;
		};
/* End PBXTargetDependency section */

/* Begin PBXVariantGroup section */
		270A3A7D1F8519060072CC57 /* Main.storyboard */ = {
			isa = PBXVariantGroup;
			children = (
				270A3A7E1F8519060072CC57 /* Base */,
			);
			name = Main.storyboard;
			sourceTree = "<group>";
		};
		270A3A851F8519060072CC57 /* LaunchScreen.storyboard */ = {
			isa = PBXVariantGroup;
			children = (
				270A3A861F8519060072CC57 /* Base */,
			);
			name = LaunchScreen.storyboard;
			sourceTree = "<group>";
		};
/* End PBXVariantGroup section */

/* Begin XCBuildConfiguration section */
		270A3A9F1F8519060072CC57 /* Debug */ = {
			isa = XCBuildConfiguration;
			buildSettings = {
				ALWAYS_SEARCH_USER_PATHS = NO;
				CLANG_ANALYZER_NONNULL = YES;
				CLANG_ANALYZER_NUMBER_OBJECT_CONVERSION = YES_AGGRESSIVE;
				CLANG_CXX_LANGUAGE_STANDARD = "gnu++14";
				CLANG_CXX_LIBRARY = "libc++";
				CLANG_ENABLE_MODULES = YES;
				CLANG_ENABLE_OBJC_ARC = YES;
				CLANG_WARN_BLOCK_CAPTURE_AUTORELEASING = YES;
				CLANG_WARN_BOOL_CONVERSION = YES;
				CLANG_WARN_COMMA = YES;
				CLANG_WARN_CONSTANT_CONVERSION = YES;
				CLANG_WARN_DIRECT_OBJC_ISA_USAGE = YES_ERROR;
				CLANG_WARN_DOCUMENTATION_COMMENTS = YES;
				CLANG_WARN_EMPTY_BODY = YES;
				CLANG_WARN_ENUM_CONVERSION = YES;
				CLANG_WARN_INFINITE_RECURSION = YES;
				CLANG_WARN_INT_CONVERSION = YES;
				CLANG_WARN_NON_LITERAL_NULL_CONVERSION = YES;
				CLANG_WARN_OBJC_LITERAL_CONVERSION = YES;
				CLANG_WARN_OBJC_ROOT_CLASS = YES_ERROR;
				CLANG_WARN_RANGE_LOOP_ANALYSIS = YES;
				CLANG_WARN_STRICT_PROTOTYPES = YES;
				CLANG_WARN_SUSPICIOUS_MOVE = YES;
				CLANG_WARN_UNGUARDED_AVAILABILITY = YES_AGGRESSIVE;
				CLANG_WARN_UNREACHABLE_CODE = YES;
				CLANG_WARN__DUPLICATE_METHOD_MATCH = YES;
				CODE_SIGN_IDENTITY = "iPhone Developer";
				COPY_PHASE_STRIP = NO;
				DEBUG_INFORMATION_FORMAT = dwarf;
				ENABLE_STRICT_OBJC_MSGSEND = YES;
				ENABLE_TESTABILITY = YES;
				GCC_C_LANGUAGE_STANDARD = gnu11;
				GCC_DYNAMIC_NO_PIC = NO;
				GCC_NO_COMMON_BLOCKS = YES;
				GCC_OPTIMIZATION_LEVEL = 0;
				GCC_PREPROCESSOR_DEFINITIONS = (
					"DEBUG=1",
					"$(inherited)",
				);
				GCC_WARN_64_TO_32_BIT_CONVERSION = YES;
				GCC_WARN_ABOUT_RETURN_TYPE = YES_ERROR;
				GCC_WARN_UNDECLARED_SELECTOR = YES;
				GCC_WARN_UNINITIALIZED_AUTOS = YES_AGGRESSIVE;
				GCC_WARN_UNUSED_FUNCTION = YES;
				GCC_WARN_UNUSED_VARIABLE = YES;
				IPHONEOS_DEPLOYMENT_TARGET = 11.0;
				MTL_ENABLE_DEBUG_INFO = YES;
				ONLY_ACTIVE_ARCH = YES;
				SDKROOT = iphoneos;
				SWIFT_ACTIVE_COMPILATION_CONDITIONS = DEBUG;
				SWIFT_OPTIMIZATION_LEVEL = "-Onone";
			};
			name = Debug;
		};
		270A3AA01F8519060072CC57 /* Release */ = {
			isa = XCBuildConfiguration;
			buildSettings = {
				ALWAYS_SEARCH_USER_PATHS = NO;
				CLANG_ANALYZER_NONNULL = YES;
				CLANG_ANALYZER_NUMBER_OBJECT_CONVERSION = YES_AGGRESSIVE;
				CLANG_CXX_LANGUAGE_STANDARD = "gnu++14";
				CLANG_CXX_LIBRARY = "libc++";
				CLANG_ENABLE_MODULES = YES;
				CLANG_ENABLE_OBJC_ARC = YES;
				CLANG_WARN_BLOCK_CAPTURE_AUTORELEASING = YES;
				CLANG_WARN_BOOL_CONVERSION = YES;
				CLANG_WARN_COMMA = YES;
				CLANG_WARN_CONSTANT_CONVERSION = YES;
				CLANG_WARN_DIRECT_OBJC_ISA_USAGE = YES_ERROR;
				CLANG_WARN_DOCUMENTATION_COMMENTS = YES;
				CLANG_WARN_EMPTY_BODY = YES;
				CLANG_WARN_ENUM_CONVERSION = YES;
				CLANG_WARN_INFINITE_RECURSION = YES;
				CLANG_WARN_INT_CONVERSION = YES;
				CLANG_WARN_NON_LITERAL_NULL_CONVERSION = YES;
				CLANG_WARN_OBJC_LITERAL_CONVERSION = YES;
				CLANG_WARN_OBJC_ROOT_CLASS = YES_ERROR;
				CLANG_WARN_RANGE_LOOP_ANALYSIS = YES;
				CLANG_WARN_STRICT_PROTOTYPES = YES;
				CLANG_WARN_SUSPICIOUS_MOVE = YES;
				CLANG_WARN_UNGUARDED_AVAILABILITY = YES_AGGRESSIVE;
				CLANG_WARN_UNREACHABLE_CODE = YES;
				CLANG_WARN__DUPLICATE_METHOD_MATCH = YES;
				CODE_SIGN_IDENTITY = "iPhone Developer";
				COPY_PHASE_STRIP = NO;
				DEBUG_INFORMATION_FORMAT = "dwarf-with-dsym";
				ENABLE_NS_ASSERTIONS = NO;
				ENABLE_STRICT_OBJC_MSGSEND = YES;
				GCC_C_LANGUAGE_STANDARD = gnu11;
				GCC_NO_COMMON_BLOCKS = YES;
				GCC_WARN_64_TO_32_BIT_CONVERSION = YES;
				GCC_WARN_ABOUT_RETURN_TYPE = YES_ERROR;
				GCC_WARN_UNDECLARED_SELECTOR = YES;
				GCC_WARN_UNINITIALIZED_AUTOS = YES_AGGRESSIVE;
				GCC_WARN_UNUSED_FUNCTION = YES;
				GCC_WARN_UNUSED_VARIABLE = YES;
				IPHONEOS_DEPLOYMENT_TARGET = 11.0;
				MTL_ENABLE_DEBUG_INFO = NO;
				SDKROOT = iphoneos;
				SWIFT_OPTIMIZATION_LEVEL = "-Owholemodule";
				VALIDATE_PRODUCT = YES;
			};
			name = Release;
		};
		270A3AA21F8519060072CC57 /* Debug */ = {
			isa = XCBuildConfiguration;
			baseConfigurationReference = E7CB4AD57FFA5E41C7C5DA89 /* Pods-Bazinga!.debug.xcconfig */;
			buildSettings = {
				ASSETCATALOG_COMPILER_APPICON_NAME = AppIcon;
				CODE_SIGN_STYLE = Automatic;
				DEVELOPMENT_TEAM = H63JK63G6G;
				INFOPLIST_FILE = "Bazinga!/Info.plist";
				LD_RUNPATH_SEARCH_PATHS = "$(inherited) @executable_path/Frameworks";
				PRODUCT_BUNDLE_IDENTIFIER = "com.augustius.Bazinga-";
				PRODUCT_NAME = "$(TARGET_NAME)";
				SWIFT_VERSION = 4.0;
				TARGETED_DEVICE_FAMILY = "1,2";
			};
			name = Debug;
		};
		270A3AA31F8519060072CC57 /* Release */ = {
			isa = XCBuildConfiguration;
			baseConfigurationReference = D40A1F5DD74D2DCB579D0CDC /* Pods-Bazinga!.release.xcconfig */;
			buildSettings = {
				ASSETCATALOG_COMPILER_APPICON_NAME = AppIcon;
				CODE_SIGN_STYLE = Automatic;
				DEVELOPMENT_TEAM = H63JK63G6G;
				INFOPLIST_FILE = "Bazinga!/Info.plist";
				LD_RUNPATH_SEARCH_PATHS = "$(inherited) @executable_path/Frameworks";
				PRODUCT_BUNDLE_IDENTIFIER = "com.augustius.Bazinga-";
				PRODUCT_NAME = "$(TARGET_NAME)";
				SWIFT_VERSION = 4.0;
				TARGETED_DEVICE_FAMILY = "1,2";
			};
			name = Release;
		};
		270A3AA51F8519060072CC57 /* Debug */ = {
			isa = XCBuildConfiguration;
			baseConfigurationReference = 946F54DE59BE8BFDEE2F69F6 /* Pods-Bazinga!Tests.debug.xcconfig */;
			buildSettings = {
				ALWAYS_EMBED_SWIFT_STANDARD_LIBRARIES = YES;
				BUNDLE_LOADER = "$(TEST_HOST)";
				CODE_SIGN_STYLE = Automatic;
				DEVELOPMENT_TEAM = LALYZX72FL;
				INFOPLIST_FILE = "Bazinga!Tests/Info.plist";
				LD_RUNPATH_SEARCH_PATHS = "$(inherited) @executable_path/Frameworks @loader_path/Frameworks";
				PRODUCT_BUNDLE_IDENTIFIER = "com.augustius.Bazinga-Tests";
				PRODUCT_NAME = "$(TARGET_NAME)";
				SWIFT_VERSION = 4.0;
				TARGETED_DEVICE_FAMILY = "1,2";
				TEST_HOST = "$(BUILT_PRODUCTS_DIR)/Bazinga!.app/Bazinga!";
			};
			name = Debug;
		};
		270A3AA61F8519060072CC57 /* Release */ = {
			isa = XCBuildConfiguration;
			baseConfigurationReference = 792038C311A634513F5446E0 /* Pods-Bazinga!Tests.release.xcconfig */;
			buildSettings = {
				ALWAYS_EMBED_SWIFT_STANDARD_LIBRARIES = YES;
				BUNDLE_LOADER = "$(TEST_HOST)";
				CODE_SIGN_STYLE = Automatic;
				DEVELOPMENT_TEAM = LALYZX72FL;
				INFOPLIST_FILE = "Bazinga!Tests/Info.plist";
				LD_RUNPATH_SEARCH_PATHS = "$(inherited) @executable_path/Frameworks @loader_path/Frameworks";
				PRODUCT_BUNDLE_IDENTIFIER = "com.augustius.Bazinga-Tests";
				PRODUCT_NAME = "$(TARGET_NAME)";
				SWIFT_VERSION = 4.0;
				TARGETED_DEVICE_FAMILY = "1,2";
				TEST_HOST = "$(BUILT_PRODUCTS_DIR)/Bazinga!.app/Bazinga!";
			};
			name = Release;
		};
		270A3AA81F8519060072CC57 /* Debug */ = {
			isa = XCBuildConfiguration;
			baseConfigurationReference = F582B94917E6D8972E4C2DBB /* Pods-Bazinga!UITests.debug.xcconfig */;
			buildSettings = {
				ALWAYS_EMBED_SWIFT_STANDARD_LIBRARIES = YES;
				CODE_SIGN_STYLE = Automatic;
				DEVELOPMENT_TEAM = LALYZX72FL;
				INFOPLIST_FILE = "Bazinga!UITests/Info.plist";
				LD_RUNPATH_SEARCH_PATHS = "$(inherited) @executable_path/Frameworks @loader_path/Frameworks";
				PRODUCT_BUNDLE_IDENTIFIER = "com.augustius.Bazinga-UITests";
				PRODUCT_NAME = "$(TARGET_NAME)";
				SWIFT_VERSION = 4.0;
				TARGETED_DEVICE_FAMILY = "1,2";
				TEST_TARGET_NAME = "Bazinga!";
			};
			name = Debug;
		};
		270A3AA91F8519060072CC57 /* Release */ = {
			isa = XCBuildConfiguration;
			baseConfigurationReference = 3A7CF96CD565F4095E76A6A6 /* Pods-Bazinga!UITests.release.xcconfig */;
			buildSettings = {
				ALWAYS_EMBED_SWIFT_STANDARD_LIBRARIES = YES;
				CODE_SIGN_STYLE = Automatic;
				DEVELOPMENT_TEAM = LALYZX72FL;
				INFOPLIST_FILE = "Bazinga!UITests/Info.plist";
				LD_RUNPATH_SEARCH_PATHS = "$(inherited) @executable_path/Frameworks @loader_path/Frameworks";
				PRODUCT_BUNDLE_IDENTIFIER = "com.augustius.Bazinga-UITests";
				PRODUCT_NAME = "$(TARGET_NAME)";
				SWIFT_VERSION = 4.0;
				TARGETED_DEVICE_FAMILY = "1,2";
				TEST_TARGET_NAME = "Bazinga!";
			};
			name = Release;
		};
/* End XCBuildConfiguration section */

/* Begin XCConfigurationList section */
		270A3A711F8519060072CC57 /* Build configuration list for PBXProject "Bazinga!" */ = {
			isa = XCConfigurationList;
			buildConfigurations = (
				270A3A9F1F8519060072CC57 /* Debug */,
				270A3AA01F8519060072CC57 /* Release */,
			);
			defaultConfigurationIsVisible = 0;
			defaultConfigurationName = Release;
		};
		270A3AA11F8519060072CC57 /* Build configuration list for PBXNativeTarget "Bazinga!" */ = {
			isa = XCConfigurationList;
			buildConfigurations = (
				270A3AA21F8519060072CC57 /* Debug */,
				270A3AA31F8519060072CC57 /* Release */,
			);
			defaultConfigurationIsVisible = 0;
			defaultConfigurationName = Release;
		};
		270A3AA41F8519060072CC57 /* Build configuration list for PBXNativeTarget "Bazinga!Tests" */ = {
			isa = XCConfigurationList;
			buildConfigurations = (
				270A3AA51F8519060072CC57 /* Debug */,
				270A3AA61F8519060072CC57 /* Release */,
			);
			defaultConfigurationIsVisible = 0;
			defaultConfigurationName = Release;
		};
		270A3AA71F8519060072CC57 /* Build configuration list for PBXNativeTarget "Bazinga!UITests" */ = {
			isa = XCConfigurationList;
			buildConfigurations = (
				270A3AA81F8519060072CC57 /* Debug */,
				270A3AA91F8519060072CC57 /* Release */,
			);
			defaultConfigurationIsVisible = 0;
			defaultConfigurationName = Release;
		};
/* End XCConfigurationList section */

/* Begin XCVersionGroup section */
		270A3A801F8519060072CC57 /* Bazinga_.xcdatamodeld */ = {
			isa = XCVersionGroup;
			children = (
				270A3A811F8519060072CC57 /* Bazinga_.xcdatamodel */,
			);
			currentVersion = 270A3A811F8519060072CC57 /* Bazinga_.xcdatamodel */;
			path = Bazinga_.xcdatamodeld;
			sourceTree = "<group>";
			versionGroupType = wrapper.xcdatamodel;
		};
/* End XCVersionGroup section */
	};
	rootObject = 270A3A6E1F8519060072CC57 /* Project object */;
}
